
Microsoft Visual Studio Solution File, Format Version 12.00
# Visual Studio Version 16
VisualStudioVersion = 16.0.33920.266
MinimumVisualStudioVersion = 10.0.40219.1
Project("{FAE04EC0-301F-11D3-BF4B-00C04F79EFBC}") = "SQL connection", "SQL connection\SQL connection.csproj", "{C55D802F-7539-4518-9438-57A7141E8423}"
EndProject
Global
	GlobalSection(SolutionConfigurationPlatforms) = preSolution
		Debug|Any CPU = Debug|Any CPU
		Release|Any CPU = Release|Any CPU
	EndGlobalSection
	GlobalSection(ProjectConfigurationPlatforms) = postSolution
		{C55D802F-7539-4518-9438-57A7141E8423}.Debug|Any CPU.ActiveCfg = Debug|Any CPU
		{C55D802F-7539-4518-9438-57A7141E8423}.Debug|Any CPU.Build.0 = Debug|Any CPU
		{C55D802F-7539-4518-9438-57A7141E8423}.Release|Any CPU.ActiveCfg = Release|Any CPU
		{C55D802F-7539-4518-9438-57A7141E8423}.Release|Any CPU.Build.0 = Release|Any CPU
	EndGlobalSection
	GlobalSection(SolutionProperties) = preSolution
		HideSolutionNode = FALSE
	EndGlobalSection
	GlobalSection(ExtensibilityGlobals) = postSolution
		SolutionGuid = {2C4D2711-27AC-456B-AF16-6AF4C55D8A13}
	EndGlobalSection
EndGlobal
